
Microsoft Visual Studio Solution File, Format Version 12.00
# Visual Studio Version 17
VisualStudioVersion = 17.8.34525.116
MinimumVisualStudioVersion = 10.0.40219.1
Project("{9A19103F-16F7-4668-BE54-9A1E7A4F7556}") = "BlazorMovieLive", "BlazorMovieLive\BlazorMovieLive.csproj", "{080F67E0-A4CC-475C-B867-30B99DA5CF9B}"
EndProject
Global
	GlobalSection(SolutionConfigurationPlatforms) = preSolution
		Debug|Any CPU = Debug|Any CPU
		Release|Any CPU = Release|Any CPU
	EndGlobalSection
	GlobalSection(ProjectConfigurationPlatforms) = postSolution
		{080F67E0-A4CC-475C-B867-30B99DA5CF9B}.Debug|Any CPU.ActiveCfg = Debug|Any CPU
		{080F67E0-A4CC-475C-B867-30B99DA5CF9B}.Debug|Any CPU.Build.0 = Debug|Any CPU
		{080F67E0-A4CC-475C-B867-30B99DA5CF9B}.Release|Any CPU.ActiveCfg = Release|Any CPU
		{080F67E0-A4CC-475C-B867-30B99DA5CF9B}.Release|Any CPU.Build.0 = Release|Any CPU
	EndGlobalSection
	GlobalSection(SolutionProperties) = preSolution
		HideSolutionNode = FALSE
	EndGlobalSection
	GlobalSection(ExtensibilityGlobals) = postSolution
		SolutionGuid = {B0976B37-3005-4375-BB13-76722FB39DF1}
	EndGlobalSection
EndGlobal
